Microsoft Visual Studio Solution File, Format Version 11.00
# Visual Studio 2008

Project("{A59DEB0C-4EF2-D24B-682F-127DFF0E4589}") = "dekeract", "Assembly-CSharp-firstpass.csproj", "{282ED0AC-7D02-6930-CF08-D55D3A21D76E}"
EndProject
Project("{A59DEB0C-4EF2-D24B-682F-127DFF0E4589}") = "dekeract", "Assembly-CSharp.csproj", "{E9589359-5B36-F662-8811-E761280310CF}"
EndProject
Project("{A59DEB0C-4EF2-D24B-682F-127DFF0E4589}") = "dekeract", "Assembly-UnityScript-firstpass.unityproj", "{37C81445-7715-5004-712E-CFD4122E8562}"
EndProject
Global
	GlobalSection(SolutionConfigurationPlatforms) = preSolution
		Debug|Any CPU = Debug|Any CPU
		Release|Any CPU = Release|Any CPU
	EndGlobalSection
	GlobalSection(ProjectConfigurationPlatforms) = postSolution
		{282ED0AC-7D02-6930-CF08-D55D3A21D76E}.Debug|Any CPU.ActiveCfg = Debug|Any CPU
		{282ED0AC-7D02-6930-CF08-D55D3A21D76E}.Debug|Any CPU.Build.0 = Debug|Any CPU
		{282ED0AC-7D02-6930-CF08-D55D3A21D76E}.Release|Any CPU.ActiveCfg = Release|Any CPU
		{282ED0AC-7D02-6930-CF08-D55D3A21D76E}.Release|Any CPU.Build.0 = Release|Any CPU
		{E9589359-5B36-F662-8811-E761280310CF}.Debug|Any CPU.ActiveCfg = Debug|Any CPU
		{E9589359-5B36-F662-8811-E761280310CF}.Debug|Any CPU.Build.0 = Debug|Any CPU
		{E9589359-5B36-F662-8811-E761280310CF}.Release|Any CPU.ActiveCfg = Release|Any CPU
		{E9589359-5B36-F662-8811-E761280310CF}.Release|Any CPU.Build.0 = Release|Any CPU
		{37C81445-7715-5004-712E-CFD4122E8562}.Debug|Any CPU.ActiveCfg = Debug|Any CPU
		{37C81445-7715-5004-712E-CFD4122E8562}.Debug|Any CPU.Build.0 = Debug|Any CPU
		{37C81445-7715-5004-712E-CFD4122E8562}.Release|Any CPU.ActiveCfg = Release|Any CPU
		{37C81445-7715-5004-712E-CFD4122E8562}.Release|Any CPU.Build.0 = Release|Any CPU
	EndGlobalSection
	GlobalSection(SolutionProperties) = preSolution
		HideSolutionNode = FALSE
	EndGlobalSection
																										GlobalSection(MonoDevelopProperties) = preSolution
		StartupItem = Assembly-CSharp.csproj
		Policies = $0
		$0.TextStylePolicy = $1
		$1.inheritsSet = null
		$1.scope = text/x-csharp
		$0.CSharpFormattingPolicy = $2
		$2.inheritsSet = Mono
		$2.inheritsScope = text/x-csharp
		$2.scope = text/x-csharp
		$0.TextStylePolicy = $3
		$3.FileWidth = 120
		$3.TabWidth = 4
		$3.EolMarker = Unix
		$3.inheritsSet = Mono
		$3.inheritsScope = text/plain
		$3.scope = text/plain
	EndGlobalSection

EndGlobal
